
Microsoft Visual Studio Solution File, Format Version 12.00
# Visual Studio 15
VisualStudioVersion = 15.0.28307.1062
MinimumVisualStudioVersion = 10.0.40219.1
Project("{8BC9CEB8-8B4A-11D0-8D11-00A0C91BC942}") = "lab2yak", "lab2yak\lab2yak.vcxproj", "{BCC8A622-DB62-402D-8B77-2E4B4B1956DA}"
EndProject
Global
	GlobalSection(SolutionConfigurationPlatforms) = preSolution
		Debug|x64 = Debug|x64
		Release|x64 = Release|x64
	EndGlobalSection
	GlobalSection(ProjectConfigurationPlatforms) = postSolution
		{BCC8A622-DB62-402D-8B77-2E4B4B1956DA}.Debug|x64.ActiveCfg = Debug|x64
		{BCC8A622-DB62-402D-8B77-2E4B4B1956DA}.Debug|x64.Build.0 = Debug|x64
		{BCC8A622-DB62-402D-8B77-2E4B4B1956DA}.Release|x64.ActiveCfg = Release|x64
		{BCC8A622-DB62-402D-8B77-2E4B4B1956DA}.Release|x64.Build.0 = Release|x64
	EndGlobalSection
	GlobalSection(SolutionProperties) = preSolution
		HideSolutionNode = FALSE
	EndGlobalSection
	GlobalSection(ExtensibilityGlobals) = postSolution
		SolutionGuid = {E786F0FE-F853-42AF-8067-77E051EB80B0}
	EndGlobalSection
EndGlobal
